
Microsoft Visual Studio Solution File, Format Version 12.00
# Visual Studio Version 17
VisualStudioVersion = 17.9.34310.174
MinimumVisualStudioVersion = 10.0.40219.1
Project("{FAE04EC0-301F-11D3-BF4B-00C04F79EFBC}") = "OstadAspClass2", "OstadAspClass2\OstadAspClass2.csproj", "{B12B5FF7-CA63-43D6-BD51-EF6E903F1567}"
EndProject
Global
	GlobalSection(SolutionConfigurationPlatforms) = preSolution
		Debug|Any CPU = Debug|Any CPU
		Release|Any CPU = Release|Any CPU
	EndGlobalSection
	GlobalSection(ProjectConfigurationPlatforms) = postSolution
		{B12B5FF7-CA63-43D6-BD51-EF6E903F1567}.Debug|Any CPU.ActiveCfg = Debug|Any CPU
		{B12B5FF7-CA63-43D6-BD51-EF6E903F1567}.Debug|Any CPU.Build.0 = Debug|Any CPU
		{B12B5FF7-CA63-43D6-BD51-EF6E903F1567}.Release|Any CPU.ActiveCfg = Release|Any CPU
		{B12B5FF7-CA63-43D6-BD51-EF6E903F1567}.Release|Any CPU.Build.0 = Release|Any CPU
	EndGlobalSection
	GlobalSection(SolutionProperties) = preSolution
		HideSolutionNode = FALSE
	EndGlobalSection
	GlobalSection(ExtensibilityGlobals) = postSolution
		SolutionGuid = {B517D7CB-97D8-43E0-83C8-95F0920B7826}
	EndGlobalSection
EndGlobal
